
Microsoft Visual Studio Solution File, Format Version 12.00
# Visual Studio 15
VisualStudioVersion = 15.0.28307.168
MinimumVisualStudioVersion = 10.0.40219.1
Project("{FAE04EC0-301F-11D3-BF4B-00C04F79EFBC}") = "inceputul", "inceputul\inceputul.csproj", "{F005F8D3-453E-4077-BFD3-73B63AEF21B1}"
EndProject
Global
	GlobalSection(SolutionConfigurationPlatforms) = preSolution
		Debug|Any CPU = Debug|Any CPU
		Release|Any CPU = Release|Any CPU
	EndGlobalSection
	GlobalSection(ProjectConfigurationPlatforms) = postSolution
		{F005F8D3-453E-4077-BFD3-73B63AEF21B1}.Debug|Any CPU.ActiveCfg = Debug|Any CPU
		{F005F8D3-453E-4077-BFD3-73B63AEF21B1}.Debug|Any CPU.Build.0 = Debug|Any CPU
		{F005F8D3-453E-4077-BFD3-73B63AEF21B1}.Release|Any CPU.ActiveCfg = Release|Any CPU
		{F005F8D3-453E-4077-BFD3-73B63AEF21B1}.Release|Any CPU.Build.0 = Release|Any CPU
	EndGlobalSection
	GlobalSection(SolutionProperties) = preSolution
		HideSolutionNode = FALSE
	EndGlobalSection
	GlobalSection(ExtensibilityGlobals) = postSolution
		SolutionGuid = {A016F283-76A3-4714-8C5D-91D3D28E32BA}
	EndGlobalSection
EndGlobal
